<Solution>

  <Folder Name="/Solution Items/">

    <File Path="AGENTS.md" />

    <File Path="README.md" />

    <File Path="Directory.Build.props" />

    <File Path="global.json" />

    <File Path="Observables.SourceGenerators.props" />

    <File Path="Observables.SourceGenerators.R3.props" />

    <Project Path="build/_build.csproj" />

  </Folder>

  <Folder Name="/Shared/">

    <Project Path="Observables.Shared/Observables.Core/Observables.Core.csproj" />

    <Project Path="Observables.Shared/Observables.SourceGenerators.Shared/Observables.SourceGenerators.Shared.csproj" />

    <Project Path="Observables.Shared/Observables.CodeFixes/Observables.CodeFixes.csproj" />

    <Project Path="Observables.Shared/Observables.CodeFixes.Tests/Observables.CodeFixes.Tests.csproj" />

  </Folder>

  <Folder Name="/Events/">

    <Project Path="Observables.Events/Observables.Events/Observables.Events.csproj" />

    <Project Path="Observables.Events/Observables.Events.Package/Observables.Events.Package.csproj" />

    <Project Path="Observables.Events/Observables.Events.Reactive.SourceGenerators/Observables.Events.Reactive.SourceGenerators.csproj" />

    <Project Path="Observables.Events/Observables.Events.Reactive.SourceGenerators.Tests/Observables.Events.Reactive.SourceGenerators.Tests.csproj" />

    <Project Path="Observables.Events/Observables.Events.R3.SourceGenerators/Observables.Events.R3.SourceGenerators.csproj" />

    <Project Path="Observables.Events/Observables.Events.R3.SourceGenerators.Tests/Observables.Events.R3.SourceGenerators.Tests.csproj" />

  </Folder>

  <Folder Name="/RestAPI/">

    <Project Path="Observables.RestAPI/Observables.RestAPI.SourceGenerators.Shared/Observables.RestAPI.SourceGenerators.Shared.shproj" Id="a8f3c2e1-9b4d-4f6a-8c7e-2d1b0e9f4a3c" />

    <Project Path="Observables.RestAPI/Observables.RestAPI.Package/Observables.RestAPI.Package.csproj" />

    <Project Path="Observables.RestAPI/Observables.RestAPI/Observables.RestAPI.csproj" />

    <Project Path="Observables.RestAPI/Observables.RestAPI.Reactive/Observables.RestAPI.Reactive.csproj" />

    <Project Path="Observables.RestAPI/Observables.RestAPI.HttpClientFactory/Observables.RestAPI.HttpClientFactory.csproj" />

    <Project Path="Observables.RestAPI/Observables.RestAPI.Reactive.SourceGenerators/Observables.RestAPI.Reactive.SourceGenerators.csproj" />

    <Project Path="Observables.RestAPI/Observables.RestAPI.R3.SourceGenerators/Observables.RestAPI.R3.SourceGenerators.csproj" />

    <Folder Name="/Tests/">

      <Project Path="Observables.RestAPI/Observables.RestAPI.Tests/Observables.RestAPI.Tests.csproj" />

      <Project Path="Observables.RestAPI/Observables.RestAPI.GeneratorTests/Observables.RestAPI.GeneratorTests.csproj" />

      <Project Path="Observables.RestAPI/Observables.RestAPI.Reactive.Tests/Observables.RestAPI.Reactive.Tests.csproj" />

      <Project Path="Observables.RestAPI/Observables.RestAPI.HttpClientFactory.Tests/Observables.RestAPI.HttpClientFactory.Tests.csproj" />

    </Folder>

  </Folder>

  <Folder Name="/SignalR/">

    <Project Path="Observables.SignalR/Observables.SignalR.SourceGenerators.Shared/Observables.SignalR.SourceGenerators.Shared.shproj" Id="b4e2f8a1-6c3d-4e9f-9a2b-1d0c8e7f5a4b" />

    <Project Path="Observables.SignalR/Observables.SignalR.Package/Observables.SignalR.Package.csproj" />

    <Project Path="Observables.SignalR/Observables.SignalR/Observables.SignalR.csproj" />

    <Project Path="Observables.SignalR/Observables.SignalR.Reactive/Observables.SignalR.Reactive.csproj" />

    <Project Path="Observables.SignalR/Observables.SignalR.Reactive.SourceGenerators/Observables.SignalR.Reactive.SourceGenerators.csproj" />

    <Project Path="Observables.SignalR/Observables.SignalR.R3.SourceGenerators/Observables.SignalR.R3.SourceGenerators.csproj" />

    <Folder Name="/Tests/">

      <Project Path="Observables.SignalR/Observables.SignalR.R3.SourceGenerators.Tests/Observables.SignalR.R3.SourceGenerators.Tests.csproj" />

      <Project Path="Observables.SignalR/Observables.SignalR.Reactive.SourceGenerators.Tests/Observables.SignalR.Reactive.SourceGenerators.Tests.csproj" />

      <Project Path="Observables.SignalR/Observables.SignalR.Tests/Observables.SignalR.Tests.csproj" />

      <Project Path="Observables.SignalR/Observables.SignalR.Reactive.Tests/Observables.SignalR.Reactive.Tests.csproj" />

    </Folder>

  </Folder>

  <Folder Name="/WebSocket/">

    <Project Path="Observables.WebSocket/Observables.WebSocket.SourceGenerators.Shared/Observables.WebSocket.SourceGenerators.Shared.shproj" Id="d7e4b3a2-8c5f-4e1b-9d6a-3f2e0c8b7a4d" />

    <Project Path="Observables.WebSocket/Observables.WebSocket.Package/Observables.WebSocket.Package.csproj" />

    <Project Path="Observables.WebSocket/Observables.WebSocket/Observables.WebSocket.csproj" />

    <Project Path="Observables.WebSocket/Observables.WebSocket.Reactive/Observables.WebSocket.Reactive.csproj" />

    <Project Path="Observables.WebSocket/Observables.WebSocket.Reactive.SourceGenerators/Observables.WebSocket.Reactive.SourceGenerators.csproj" />

    <Project Path="Observables.WebSocket/Observables.WebSocket.R3.SourceGenerators/Observables.WebSocket.R3.SourceGenerators.csproj" />

    <Folder Name="/Tests/">

      <Project Path="Observables.WebSocket/Observables.WebSocket.R3.SourceGenerators.Tests/Observables.WebSocket.R3.SourceGenerators.Tests.csproj" />

      <Project Path="Observables.WebSocket/Observables.WebSocket.Reactive.SourceGenerators.Tests/Observables.WebSocket.Reactive.SourceGenerators.Tests.csproj" />

      <Project Path="Observables.WebSocket/Observables.WebSocket.Tests/Observables.WebSocket.Tests.csproj" />

      <Project Path="Observables.WebSocket/Observables.WebSocket.Reactive.Tests/Observables.WebSocket.Reactive.Tests.csproj" />

    </Folder>

  </Folder>

  <Folder Name="/Mqtt/">

    <Project Path="Observables.Mqtt/Observables.Mqtt.SourceGenerators.Shared/Observables.Mqtt.SourceGenerators.Shared.shproj" Id="c8f3a2e1-7b4d-4f9a-8e2c-5d1b0a9f6e3d" />

    <Project Path="Observables.Mqtt/Observables.Mqtt.Package/Observables.Mqtt.Package.csproj" />

    <Project Path="Observables.Mqtt/Observables.Mqtt/Observables.Mqtt.csproj" />

    <Project Path="Observables.Mqtt/Observables.Mqtt.Reactive/Observables.Mqtt.Reactive.csproj" />

    <Project Path="Observables.Mqtt/Observables.Mqtt.Reactive.SourceGenerators/Observables.Mqtt.Reactive.SourceGenerators.csproj" />

    <Project Path="Observables.Mqtt/Observables.Mqtt.R3.SourceGenerators/Observables.Mqtt.R3.SourceGenerators.csproj" />

    <Folder Name="/Tests/">

      <Project Path="Observables.Mqtt/Observables.Mqtt.R3.SourceGenerators.Tests/Observables.Mqtt.R3.SourceGenerators.Tests.csproj" />

      <Project Path="Observables.Mqtt/Observables.Mqtt.Reactive.SourceGenerators.Tests/Observables.Mqtt.Reactive.SourceGenerators.Tests.csproj" />

      <Project Path="Observables.Mqtt/Observables.Mqtt.Tests/Observables.Mqtt.Tests.csproj" />

      <Project Path="Observables.Mqtt/Observables.Mqtt.Reactive.Tests/Observables.Mqtt.Reactive.Tests.csproj" />

    </Folder>

  </Folder>

  <Folder Name="/Grpc/">

    <Project Path="Observables.Grpc/Observables.Grpc/Observables.Grpc.csproj" />

    <Project Path="Observables.Grpc/Observables.Grpc.R3/Observables.Grpc.R3.csproj" />

  </Folder>

</Solution>

